
Microsoft Visual Studio Solution File, Format Version 12.00
# Visual Studio Version 17
VisualStudioVersion = 17.6.33620.401
MinimumVisualStudioVersion = 10.0.40219.1
Project("{FAE04EC0-301F-11D3-BF4B-00C04F79EFBC}") = "TECSearchApp.UI", "TECSearchApp.UI\TECSearchApp.UI.csproj", "{F4EF7D84-98BD-4336-8E02-6DFDCF3BB0D1}"
EndProject
Project("{FAE04EC0-301F-11D3-BF4B-00C04F79EFBC}") = "TECSearchApp.Logic", "TECSearchApp.Logic\TECSearchApp.Logic.csproj", "{970A596A-F210-4ECF-A405-107B724D0CC2}"
EndProject
Global
	GlobalSection(SolutionConfigurationPlatforms) = preSolution
		Debug|Any CPU = Debug|Any CPU
		Release|Any CPU = Release|Any CPU
	EndGlobalSection
	GlobalSection(ProjectConfigurationPlatforms) = postSolution
		{F4EF7D84-98BD-4336-8E02-6DFDCF3BB0D1}.Debug|Any CPU.ActiveCfg = Debug|Any CPU
		{F4EF7D84-98BD-4336-8E02-6DFDCF3BB0D1}.Debug|Any CPU.Build.0 = Debug|Any CPU
		{F4EF7D84-98BD-4336-8E02-6DFDCF3BB0D1}.Release|Any CPU.ActiveCfg = Release|Any CPU
		{F4EF7D84-98BD-4336-8E02-6DFDCF3BB0D1}.Release|Any CPU.Build.0 = Release|Any CPU
		{970A596A-F210-4ECF-A405-107B724D0CC2}.Debug|Any CPU.ActiveCfg = Debug|Any CPU
		{970A596A-F210-4ECF-A405-107B724D0CC2}.Debug|Any CPU.Build.0 = Debug|Any CPU
		{970A596A-F210-4ECF-A405-107B724D0CC2}.Release|Any CPU.ActiveCfg = Release|Any CPU
		{970A596A-F210-4ECF-A405-107B724D0CC2}.Release|Any CPU.Build.0 = Release|Any CPU
	EndGlobalSection
	GlobalSection(SolutionProperties) = preSolution
		HideSolutionNode = FALSE
	EndGlobalSection
	GlobalSection(ExtensibilityGlobals) = postSolution
		SolutionGuid = {DB610445-3D28-45E6-9966-EDC6BD1C64A3}
	EndGlobalSection
EndGlobal
